// !$*UTF8*$!
{
	archiveVersion = 1;
	classes = {
	};
	objectVersion = 50;
	objects = {

/* Begin PBXBuildFile section */
		A11001DA250C025500DE2FEC /* AppDelegate.swift in Sources */ = {isa = PBXBuildFile; fileRef = A11001D9250C025500DE2FEC /* AppDelegate.swift */; };
		A11001DC250C025500DE2FEC /* SceneDelegate.swift in Sources */ = {isa = PBXBuildFile; fileRef = A11001DB250C025500DE2FEC /* SceneDelegate.swift */; };
		A11001DE250C025500DE2FEC /* ContentView.swift in Sources */ = {isa = PBXBuildFile; fileRef = A11001DD250C025500DE2FEC /* ContentView.swift */; };
		A11001E0250C025600DE2FEC /* Assets.xcassets in Resources */ = {isa = PBXBuildFile; fileRef = A11001DF250C025600DE2FEC /* Assets.xcassets */; };
		A11001E3250C025600DE2FEC /* Preview Assets.xcassets in Resources */ = {isa = PBXBuildFile; fileRef = A11001E2250C025600DE2FEC /* Preview Assets.xcassets */; };
		A11001E6250C025600DE2FEC /* LaunchScreen.storyboard in Resources */ = {isa = PBXBuildFile; fileRef = A11001E4250C025600DE2FEC /* LaunchScreen.storyboard */; };
		A11001F4250C0F6E00DE2FEC /* TargetView.swift in Sources */ = {isa = PBXBuildFile; fileRef = A11001F3250C0F6E00DE2FEC /* TargetView.swift */; };
		A11001F6250C0F7A00DE2FEC /* RegularView.swift in Sources */ = {isa = PBXBuildFile; fileRef = A11001F5250C0F7A00DE2FEC /* RegularView.swift */; };
		A11001FC250C416700DE2FEC /* ContenttView.swift in Sources */ = {isa = PBXBuildFile; fileRef = A11001FB250C416700DE2FEC /* ContenttView.swift */; };
/* End PBXBuildFile section */

/* Begin PBXFileReference section */
		A11001D6250C025500DE2FEC /* VezdecodVK.app */ = {isa = PBXFileReference; explicitFileType = wrapper.application; includeInIndex = 0; path = VezdecodVK.app; sourceTree = BUILT_PRODUCTS_DIR; };
		A11001D9250C025500DE2FEC /* AppDelegate.swift */ = {isa = PBXFileReference; lastKnownFileType = sourcecode.swift; path = AppDelegate.swift; sourceTree = "<group>"; };
		A11001DB250C025500DE2FEC /* SceneDelegate.swift */ = {isa = PBXFileReference; lastKnownFileType = sourcecode.swift; path = SceneDelegate.swift; sourceTree = "<group>"; };
		A11001DD250C025500DE2FEC /* ContentView.swift */ = {isa = PBXFileReference; lastKnownFileType = sourcecode.swift; path = ContentView.swift; sourceTree = "<group>"; };
		A11001DF250C025600DE2FEC /* Assets.xcassets */ = {isa = PBXFileReference; lastKnownFileType = folder.assetcatalog; path = Assets.xcassets; sourceTree = "<group>"; };
		A11001E2250C025600DE2FEC /* Preview Assets.xcassets */ = {isa = PBXFileReference; lastKnownFileType = folder.assetcatalog; path = "Preview Assets.xcassets"; sourceTree = "<group>"; };
		A11001E5250C025600DE2FEC /* Base */ = {isa = PBXFileReference; lastKnownFileType = file.storyboard; name = Base; path = Base.lproj/LaunchScreen.storyboard; sourceTree = "<group>"; };
		A11001E7250C025600DE2FEC /* Info.plist */ = {isa = PBXFileReference; lastKnownFileType = text.plist.xml; path = Info.plist; sourceTree = "<group>"; };
		A11001F3250C0F6E00DE2FEC /* TargetView.swift */ = {isa = PBXFileReference; lastKnownFileType = sourcecode.swift; path = TargetView.swift; sourceTree = "<group>"; };
		A11001F5250C0F7A00DE2FEC /* RegularView.swift */ = {isa = PBXFileReference; lastKnownFileType = sourcecode.swift; path = RegularView.swift; sourceTree = "<group>"; };
		A11001FB250C416700DE2FEC /* ContenttView.swift */ = {isa = PBXFileReference; lastKnownFileType = sourcecode.swift; path = ContenttView.swift; sourceTree = "<group>"; };
/* End PBXFileReference section */

/* Begin PBXFrameworksBuildPhase section */
		A11001D3250C025500DE2FEC /* Frameworks */ = {
			isa = PBXFrameworksBuildPhase;
			buildActionMask = 2147483647;
			files = (
			);
			runOnlyForDeploymentPostprocessing = 0;
		};
/* End PBXFrameworksBuildPhase section */

/* Begin PBXGroup section */
		A11001CD250C025500DE2FEC = {
			isa = PBXGroup;
			children = (
				A11001D8250C025500DE2FEC /* VezdecodVK */,
				A11001D7250C025500DE2FEC /* Products */,
			);
			sourceTree = "<group>";
		};
		A11001D7250C025500DE2FEC /* Products */ = {
			isa = PBXGroup;
			children = (
				A11001D6250C025500DE2FEC /* VezdecodVK.app */,
			);
			name = Products;
			sourceTree = "<group>";
		};
		A11001D8250C025500DE2FEC /* VezdecodVK */ = {
			isa = PBXGroup;
			children = (
				A11001D9250C025500DE2FEC /* AppDelegate.swift */,
				A11001DB250C025500DE2FEC /* SceneDelegate.swift */,
				A11001DD250C025500DE2FEC /* ContentView.swift */,
				A11001FB250C416700DE2FEC /* ContenttView.swift */,
				A11001F3250C0F6E00DE2FEC /* TargetView.swift */,
				A11001F5250C0F7A00DE2FEC /* RegularView.swift */,
				A11001DF250C025600DE2FEC /* Assets.xcassets */,
				A11001E4250C025600DE2FEC /* LaunchScreen.storyboard */,
				A11001E7250C025600DE2FEC /* Info.plist */,
				A11001E1250C025600DE2FEC /* Preview Content */,
			);
			path = VezdecodVK;
			sourceTree = "<group>";
		};
		A11001E1250C025600DE2FEC /* Preview Content */ = {
			isa = PBXGroup;
			children = (
				A11001E2250C025600DE2FEC /* Preview Assets.xcassets */,
			);
			path = "Preview Content";
			sourceTree = "<group>";
		};
/* End PBXGroup section */

/* Begin PBXNativeTarget section */
		A11001D5250C025500DE2FEC /* VezdecodVK */ = {
			isa = PBXNativeTarget;
			buildConfigurationList = A11001EA250C025600DE2FEC /* Build configuration list for PBXNativeTarget "VezdecodVK" */;
			buildPhases = (
				A11001D2250C025500DE2FEC /* Sources */,
				A11001D3250C025500DE2FEC /* Frameworks */,
				A11001D4250C025500DE2FEC /* Resources */,
			);
			buildRules = (
			);
			dependencies = (
			);
			name = VezdecodVK;
			productName = VezdecodVK;
			productReference = A11001D6250C025500DE2FEC /* VezdecodVK.app */;
			productType = "com.apple.product-type.application";
		};
/* End PBXNativeTarget section */

/* Begin PBXProject section */
		A11001CE250C025500DE2FEC /* Project object */ = {
			isa = PBXProject;
			attributes = {
				LastSwiftUpdateCheck = 1170;
				LastUpgradeCheck = 1200;
				ORGANIZATIONNAME = WeYoy;
				TargetAttributes = {
					A11001D5250C025500DE2FEC = {
						CreatedOnToolsVersion = 11.7;
					};
				};
			};
			buildConfigurationList = A11001D1250C025500DE2FEC /* Build configuration list for PBXProject "VezdecodVK" */;
			compatibilityVersion = "Xcode 9.3";
			developmentRegion = en;
			hasScannedForEncodings = 0;
			knownRegions = (
				en,
				Base,
			);
			mainGroup = A11001CD250C025500DE2FEC;
			productRefGroup = A11001D7250C025500DE2FEC /* Products */;
			projectDirPath = "";
			projectRoot = "";
			targets = (
				A11001D5250C025500DE2FEC /* VezdecodVK */,
			);
		};
/* End PBXProject section */

/* Begin PBXResourcesBuildPhase section */
		A11001D4250C025500DE2FEC /* Resources */ = {
			isa = PBXResourcesBuildPhase;
			buildActionMask = 2147483647;
			files = (
				A11001E6250C025600DE2FEC /* LaunchScreen.storyboard in Resources */,
				A11001E3250C025600DE2FEC /* Preview Assets.xcassets in Resources */,
				A11001E0250C025600DE2FEC /* Assets.xcassets in Resources */,
			);
			runOnlyForDeploymentPostprocessing = 0;
		};
/* End PBXResourcesBuildPhase section */

/* Begin PBXSourcesBuildPhase section */
		A11001D2250C025500DE2FEC /* Sources */ = {
			isa = PBXSourcesBuildPhase;
			buildActionMask = 2147483647;
			files = (
				A11001DA250C025500DE2FEC /* AppDelegate.swift in Sources */,
				A11001F4250C0F6E00DE2FEC /* TargetView.swift in Sources */,
				A11001DC250C025500DE2FEC /* SceneDelegate.swift in Sources */,
				A11001F6250C0F7A00DE2FEC /* RegularView.swift in Sources */,
				A11001DE250C025500DE2FEC /* ContentView.swift in Sources */,
				A11001FC250C416700DE2FEC /* ContenttView.swift in Sources */,
			);
			runOnlyForDeploymentPostprocessing = 0;
		};
/* End PBXSourcesBuildPhase section */

/* Begin PBXVariantGroup section */
		A11001E4250C025600DE2FEC /* LaunchScreen.storyboard */ = {
			isa = PBXVariantGroup;
			children = (
				A11001E5250C025600DE2FEC /* Base */,
			);
			name = LaunchScreen.storyboard;
			sourceTree = "<group>";
		};
/* End PBXVariantGroup section */

/* Begin XCBuildConfiguration section */
		A11001E8250C025600DE2FEC /* Debug */ = {
			isa = XCBuildConfiguration;
			buildSettings = {
				ALWAYS_SEARCH_USER_PATHS = NO;
				CLANG_ANALYZER_NONNULL = YES;
				CLANG_ANALYZER_NUMBER_OBJECT_CONVERSION = YES_AGGRESSIVE;
				CLANG_CXX_LANGUAGE_STANDARD = "gnu++14";
				CLANG_CXX_LIBRARY = "libc++";
				CLANG_ENABLE_MODULES = YES;
				CLANG_ENABLE_OBJC_ARC = YES;
				CLANG_ENABLE_OBJC_WEAK = YES;
				CLANG_WARN_BLOCK_CAPTURE_AUTORELEASING = YES;
				CLANG_WARN_BOOL_CONVERSION = YES;
				CLANG_WARN_COMMA = YES;
				CLANG_WARN_CONSTANT_CONVERSION = YES;
				CLANG_WARN_DEPRECATED_OBJC_IMPLEMENTATIONS = YES;
				CLANG_WARN_DIRECT_OBJC_ISA_USAGE = YES_ERROR;
				CLANG_WARN_DOCUMENTATION_COMMENTS = YES;
				CLANG_WARN_EMPTY_BODY = YES;
				CLANG_WARN_ENUM_CONVERSION = YES;
				CLANG_WARN_INFINITE_RECURSION = YES;
				CLANG_WARN_INT_CONVERSION = YES;
				CLANG_WARN_NON_LITERAL_NULL_CONVERSION = YES;
				CLANG_WARN_OBJC_IMPLICIT_RETAIN_SELF = YES;
				CLANG_WARN_OBJC_LITERAL_CONVERSION = YES;
				CLANG_WARN_OBJC_ROOT_CLASS = YES_ERROR;
				CLANG_WARN_QUOTED_INCLUDE_IN_FRAMEWORK_HEADER = YES;
				CLANG_WARN_RANGE_LOOP_ANALYSIS = YES;
				CLANG_WARN_STRICT_PROTOTYPES = YES;
				CLANG_WARN_SUSPICIOUS_MOVE = YES;
				CLANG_WARN_UNGUARDED_AVAILABILITY = YES_AGGRESSIVE;
				CLANG_WARN_UNREACHABLE_CODE = YES;
				CLANG_WARN__DUPLICATE_METHOD_MATCH = YES;
				COPY_PHASE_STRIP = NO;
				DEBUG_INFORMATION_FORMAT = dwarf;
				ENABLE_STRICT_OBJC_MSGSEND = YES;
				ENABLE_TESTABILITY = YES;
				GCC_C_LANGUAGE_STANDARD = gnu11;
				GCC_DYNAMIC_NO_PIC = NO;
				GCC_NO_COMMON_BLOCKS = YES;
				GCC_OPTIMIZATION_LEVEL = 0;
				GCC_PREPROCESSOR_DEFINITIONS = (
					"DEBUG=1",
					"$(inherited)",
				);
				GCC_WARN_64_TO_32_BIT_CONVERSION = YES;
				GCC_WARN_ABOUT_RETURN_TYPE = YES_ERROR;
				GCC_WARN_UNDECLARED_SELECTOR = YES;
				GCC_WARN_UNINITIALIZED_AUTOS = YES_AGGRESSIVE;
				GCC_WARN_UNUSED_FUNCTION = YES;
				GCC_WARN_UNUSED_VARIABLE = YES;
				IPHONEOS_DEPLOYMENT_TARGET = 13.7;
				MTL_ENABLE_DEBUG_INFO = INCLUDE_SOURCE;
				MTL_FAST_MATH = YES;
				ONLY_ACTIVE_ARCH = YES;
				SDKROOT = iphoneos;
				SWIFT_ACTIVE_COMPILATION_CONDITIONS = DEBUG;
				SWIFT_OPTIMIZATION_LEVEL = "-Onone";
			};
			name = Debug;
		};
		A11001E9250C025600DE2FEC /* Release */ = {
			isa = XCBuildConfiguration;
			buildSettings = {
				ALWAYS_SEARCH_USER_PATHS = NO;
				CLANG_ANALYZER_NONNULL = YES;
				CLANG_ANALYZER_NUMBER_OBJECT_CONVERSION = YES_AGGRESSIVE;
				CLANG_CXX_LANGUAGE_STANDARD = "gnu++14";
				CLANG_CXX_LIBRARY = "libc++";
				CLANG_ENABLE_MODULES = YES;
				CLANG_ENABLE_OBJC_ARC = YES;
				CLANG_ENABLE_OBJC_WEAK = YES;
				CLANG_WARN_BLOCK_CAPTURE_AUTORELEASING = YES;
				CLANG_WARN_BOOL_CONVERSION = YES;
				CLANG_WARN_COMMA = YES;
				CLANG_WARN_CONSTANT_CONVERSION = YES;
				CLANG_WARN_DEPRECATED_OBJC_IMPLEMENTATIONS = YES;
				CLANG_WARN_DIRECT_OBJC_ISA_USAGE = YES_ERROR;
				CLANG_WARN_DOCUMENTATION_COMMENTS = YES;
				CLANG_WARN_EMPTY_BODY = YES;
				CLANG_WARN_ENUM_CONVERSION = YES;
				CLANG_WARN_INFINITE_RECURSION = YES;
				CLANG_WARN_INT_CONVERSION = YES;
				CLANG_WARN_NON_LITERAL_NULL_CONVERSION = YES;
				CLANG_WARN_OBJC_IMPLICIT_RETAIN_SELF = YES;
				CLANG_WARN_OBJC_LITERAL_CONVERSION = YES;
				CLANG_WARN_OBJC_ROOT_CLASS = YES_ERROR;
				CLANG_WARN_QUOTED_INCLUDE_IN_FRAMEWORK_HEADER = YES;
				CLANG_WARN_RANGE_LOOP_ANALYSIS = YES;
				CLANG_WARN_STRICT_PROTOTYPES = YES;
				CLANG_WARN_SUSPICIOUS_MOVE = YES;
				CLANG_WARN_UNGUARDED_AVAILABILITY = YES_AGGRESSIVE;
				CLANG_WARN_UNREACHABLE_CODE = YES;
				CLANG_WARN__DUPLICATE_METHOD_MATCH = YES;
				COPY_PHASE_STRIP = NO;
				DEBUG_INFORMATION_FORMAT = "dwarf-with-dsym";
				ENABLE_NS_ASSERTIONS = NO;
				ENABLE_STRICT_OBJC_MSGSEND = YES;
				GCC_C_LANGUAGE_STANDARD = gnu11;
				GCC_NO_COMMON_BLOCKS = YES;
				GCC_WARN_64_TO_32_BIT_CONVERSION = YES;
				GCC_WARN_ABOUT_RETURN_TYPE = YES_ERROR;
				GCC_WARN_UNDECLARED_SELECTOR = YES;
				GCC_WARN_UNINITIALIZED_AUTOS = YES_AGGRESSIVE;
				GCC_WARN_UNUSED_FUNCTION = YES;
				GCC_WARN_UNUSED_VARIABLE = YES;
				IPHONEOS_DEPLOYMENT_TARGET = 13.7;
				MTL_ENABLE_DEBUG_INFO = NO;
				MTL_FAST_MATH = YES;
				SDKROOT = iphoneos;
				SWIFT_COMPILATION_MODE = wholemodule;
				SWIFT_OPTIMIZATION_LEVEL = "-O";
				VALIDATE_PRODUCT = YES;
			};
			name = Release;
		};
		A11001EB250C025600DE2FEC /* Debug */ = {
			isa = XCBuildConfiguration;
			buildSettings = {
				ASSETCATALOG_COMPILER_APPICON_NAME = AppIcon;
				CODE_SIGN_STYLE = Automatic;
				DEVELOPMENT_ASSET_PATHS = "\"VezdecodVK/Preview Content\"";
				ENABLE_PREVIEWS = YES;
				INFOPLIST_FILE = VezdecodVK/Info.plist;
				LD_RUNPATH_SEARCH_PATHS = (
					"$(inherited)",
					"@executable_path/Frameworks",
				);
				PRODUCT_BUNDLE_IDENTIFIER = com.WeYoy.VezdecodVK;
				PRODUCT_NAME = "$(TARGET_NAME)";
				SWIFT_VERSION = 5.0;
				TARGETED_DEVICE_FAMILY = "1,2";
			};
			name = Debug;
		};
		A11001EC250C025600DE2FEC /* Release */ = {
			isa = XCBuildConfiguration;
			buildSettings = {
				ASSETCATALOG_COMPILER_APPICON_NAME = AppIcon;
				CODE_SIGN_STYLE = Automatic;
				DEVELOPMENT_ASSET_PATHS = "\"VezdecodVK/Preview Content\"";
				ENABLE_PREVIEWS = YES;
				INFOPLIST_FILE = VezdecodVK/Info.plist;
				LD_RUNPATH_SEARCH_PATHS = (
					"$(inherited)",
					"@executable_path/Frameworks",
				);
				PRODUCT_BUNDLE_IDENTIFIER = com.WeYoy.VezdecodVK;
				PRODUCT_NAME = "$(TARGET_NAME)";
				SWIFT_VERSION = 5.0;
				TARGETED_DEVICE_FAMILY = "1,2";
			};
			name = Release;
		};
/* End XCBuildConfiguration section */

/* Begin XCConfigurationList section */
		A11001D1250C025500DE2FEC /* Build configuration list for PBXProject "VezdecodVK" */ = {
			isa = XCConfigurationList;
			buildConfigurations = (
				A11001E8250C025600DE2FEC /* Debug */,
				A11001E9250C025600DE2FEC /* Release */,
			);
			defaultConfigurationIsVisible = 0;
			defaultConfigurationName = Release;
		};
		A11001EA250C025600DE2FEC /* Build configuration list for PBXNativeTarget "VezdecodVK" */ = {
			isa = XCConfigurationList;
			buildConfigurations = (
				A11001EB250C025600DE2FEC /* Debug */,
				A11001EC250C025600DE2FEC /* Release */,
			);
			defaultConfigurationIsVisible = 0;
			defaultConfigurationName = Release;
		};
/* End XCConfigurationList section */
	};
	rootObject = A11001CE250C025500DE2FEC /* Project object */;
}
